
Microsoft Visual Studio Solution File, Format Version 12.00
# Visual Studio Version 17
VisualStudioVersion = 17.13.35828.75 d17.13
MinimumVisualStudioVersion = 10.0.40219.1
Project("{FAE04EC0-301F-11D3-BF4B-00C04F79EFBC}") = "Backend_HotelService", "Backend_HotelService\Backend_HotelService.csproj", "{AAE15FB7-5DC9-4B93-B038-C1C63AA565D5}"
EndProject
Global
	GlobalSection(SolutionConfigurationPlatforms) = preSolution
		Debug|Any CPU = Debug|Any CPU
		Release|Any CPU = Release|Any CPU
	EndGlobalSection
	GlobalSection(ProjectConfigurationPlatforms) = postSolution
		{AAE15FB7-5DC9-4B93-B038-C1C63AA565D5}.Debug|Any CPU.ActiveCfg = Debug|Any CPU
		{AAE15FB7-5DC9-4B93-B038-C1C63AA565D5}.Debug|Any CPU.Build.0 = Debug|Any CPU
		{AAE15FB7-5DC9-4B93-B038-C1C63AA565D5}.Release|Any CPU.ActiveCfg = Release|Any CPU
		{AAE15FB7-5DC9-4B93-B038-C1C63AA565D5}.Release|Any CPU.Build.0 = Release|Any CPU
	EndGlobalSection
	GlobalSection(SolutionProperties) = preSolution
		HideSolutionNode = FALSE
	EndGlobalSection
	GlobalSection(ExtensibilityGlobals) = postSolution
		SolutionGuid = {CC472924-FCC9-417B-B091-ADD0686E1EDE}
	EndGlobalSection
EndGlobal
